
Microsoft Visual Studio Solution File, Format Version 12.00
# Visual Studio Version 17
VisualStudioVersion = 17.14.37203.1
MinimumVisualStudioVersion = 10.0.40219.1
Project("{8BC9CEB8-8B4A-11D0-8D11-00A0C91BC942}") = "practice1", "CExcersises.vcxproj", "{DAC38CBF-951B-4D9F-9591-50DCFB5FA9E1}"
EndProject
Project("{8BC9CEB8-8B4A-11D0-8D11-00A0C91BC942}") = "practice2", "..\practice2\practice2.vcxproj", "{AB4D8938-67F1-4429-8328-26549BFC46BE}"
EndProject
Project("{8BC9CEB8-8B4A-11D0-8D11-00A0C91BC942}") = "practice3", "..\practice3\practice3.vcxproj", "{D0119AE6-AB33-4DA3-8429-3E8B3B057932}"
EndProject
Project("{8BC9CEB8-8B4A-11D0-8D11-00A0C91BC942}") = "List10-1", "..\List10-1\List10-1.vcxproj", "{2057F4BE-DC2F-42D1-AED3-0C9C86E697A5}"
EndProject
Project("{8BC9CEB8-8B4A-11D0-8D11-00A0C91BC942}") = "List10-2", "..\List10-2\List10-2.vcxproj", "{CB9BDE22-002F-456D-BA23-421AFD0DD03F}"
EndProject
Project("{8BC9CEB8-8B4A-11D0-8D11-00A0C91BC942}") = "List10-3", "..\List10-3\List10-3.vcxproj", "{5BA3AC13-4254-4DE5-BF8A-F899B99896B6}"
EndProject
Project("{8BC9CEB8-8B4A-11D0-8D11-00A0C91BC942}") = "List10-4", "..\List10-4\List10-4.vcxproj", "{0E4F8657-B887-4C91-8917-DE041BE64675}"
EndProject
Project("{8BC9CEB8-8B4A-11D0-8D11-00A0C91BC942}") = "List10-5", "..\List10-5\List10-5.vcxproj", "{D97AE12E-5FD8-49A8-8DC2-4C5FA71F0068}"
EndProject
Project("{8BC9CEB8-8B4A-11D0-8D11-00A0C91BC942}") = "List10-6", "..\List10-6\List10-6.vcxproj", "{5D4C38E3-7454-4BFE-A795-6DEA15FB40B3}"
EndProject
Project("{8BC9CEB8-8B4A-11D0-8D11-00A0C91BC942}") = "List8-1", "..\List8-1\List8-1.vcxproj", "{25D539E6-9D60-421E-8162-745FEF10C0FE}"
EndProject
Project("{8BC9CEB8-8B4A-11D0-8D11-00A0C91BC942}") = "List8-2", "..\List8-2\List8-2.vcxproj", "{9BFFCAF5-010D-4727-954E-2ED5ED4B923C}"
EndProject
Project("{8BC9CEB8-8B4A-11D0-8D11-00A0C91BC942}") = "List5-9", "..\List5-9\List5-9.vcxproj", "{5239F5EE-7CEE-4255-9C68-F9342394C3D6}"
EndProject
Project("{8BC9CEB8-8B4A-11D0-8D11-00A0C91BC942}") = "exercises8-1.c", "..\exercises8-1.c\exercises8-1.c.vcxproj", "{4B334F08-12B1-4E6D-82E7-D5752E4CA2E0}"
EndProject
Project("{8BC9CEB8-8B4A-11D0-8D11-00A0C91BC942}") = "exercises8-2", "..\exercises8-2\exercises8-2.vcxproj", "{75E277D0-0515-4080-A870-991D093D820E}"
EndProject
Project("{8BC9CEB8-8B4A-11D0-8D11-00A0C91BC942}") = "List8-3", "..\List8-3\List8-3.vcxproj", "{177267B9-DC6D-43BB-A37E-CA5755FF51D8}"
EndProject
Project("{8BC9CEB8-8B4A-11D0-8D11-00A0C91BC942}") = "List8-4", "..\List8-4\List8-4.vcxproj", "{38A0AF6F-1A14-4168-8975-628AF27A46C3}"
EndProject
Project("{8BC9CEB8-8B4A-11D0-8D11-00A0C91BC942}") = "List8-5", "..\List8-5\List8-5.vcxproj", "{85E21468-2281-465F-A35C-3D4658E80EEA}"
EndProject
Project("{8BC9CEB8-8B4A-11D0-8D11-00A0C91BC942}") = "List8-6", "..\Project1\Project1.vcxproj", "{6F8447BC-8B81-487B-905A-12BF9E059307}"
EndProject
Project("{8BC9CEB8-8B4A-11D0-8D11-00A0C91BC942}") = "List8-7", "..\List8-7\List8-7.vcxproj", "{D70A614D-DB87-4616-8F63-0D83414B71EA}"
EndProject
Project("{8BC9CEB8-8B4A-11D0-8D11-00A0C91BC942}") = "exercises8-4", "..\exercises8-4\exercises8-4.vcxproj", "{AB6738A0-F589-4F45-BA7F-FDB0FB8E7D83}"
EndProject
Project("{8BC9CEB8-8B4A-11D0-8D11-00A0C91BC942}") = "Listf10-7", "..\Listf10-7\Listf10-7.vcxproj", "{B02652B3-B9A6-48E0-82EB-7357755A8F1B}"
EndProject
Project("{8BC9CEB8-8B4A-11D0-8D11-00A0C91BC942}") = "exercises10-2", "..\exercises10-2\exercises10-2.vcxproj", "{8C9E1282-8A34-407E-B674-3AF3AB482371}"
EndProject
Project("{8BC9CEB8-8B4A-11D0-8D11-00A0C91BC942}") = "practice4", "..\practice4\practice4.vcxproj", "{A9C370E3-A5C3-4744-80C6-345F4806840F}"
EndProject
Project("{8BC9CEB8-8B4A-11D0-8D11-00A0C91BC942}") = "practice5", "..\practice5\practice5.vcxproj", "{F3092BEF-E62A-4F89-B0E0-51827AC96EEB}"
EndProject
Project("{8BC9CEB8-8B4A-11D0-8D11-00A0C91BC942}") = "practice6", "..\practice6\practice6.vcxproj", "{D9BD245F-574D-49BC-9D8A-2590EA3245E9}"
EndProject
Project("{8BC9CEB8-8B4A-11D0-8D11-00A0C91BC942}") = "practice7", "..\practice7\practice7.vcxproj", "{E61EA8A4-63D1-4EE6-B8BB-EE5ADDDD04D2}"
EndProject
Project("{8BC9CEB8-8B4A-11D0-8D11-00A0C91BC942}") = "practice8", "..\Project8\Project8.vcxproj", "{EEF20FE7-8A6C-4438-855C-5E462FBDEE5E}"
EndProject
Project("{8BC9CEB8-8B4A-11D0-8D11-00A0C91BC942}") = "practice9", "..\practice9\practice9.vcxproj", "{26B781ED-DF2B-4BAB-814E-4BC8019FCEDB}"
EndProject
Global
	GlobalSection(SolutionConfigurationPlatforms) = preSolution
		Debug|x64 = Debug|x64
		Debug|x86 = Debug|x86
		Release|x64 = Release|x64
		Release|x86 = Release|x86
	EndGlobalSection
	GlobalSection(ProjectConfigurationPlatforms) = postSolution
		{DAC38CBF-951B-4D9F-9591-50DCFB5FA9E1}.Debug|x64.ActiveCfg = Debug|x64
		{DAC38CBF-951B-4D9F-9591-50DCFB5FA9E1}.Debug|x64.Build.0 = Debug|x64
		{DAC38CBF-951B-4D9F-9591-50DCFB5FA9E1}.Debug|x86.ActiveCfg = Debug|Win32
		{DAC38CBF-951B-4D9F-9591-50DCFB5FA9E1}.Debug|x86.Build.0 = Debug|Win32
		{DAC38CBF-951B-4D9F-9591-50DCFB5FA9E1}.Release|x64.ActiveCfg = Release|x64
		{DAC38CBF-951B-4D9F-9591-50DCFB5FA9E1}.Release|x64.Build.0 = Release|x64
		{DAC38CBF-951B-4D9F-9591-50DCFB5FA9E1}.Release|x86.ActiveCfg = Release|Win32
		{DAC38CBF-951B-4D9F-9591-50DCFB5FA9E1}.Release|x86.Build.0 = Release|Win32
		{AB4D8938-67F1-4429-8328-26549BFC46BE}.Debug|x64.ActiveCfg = Debug|x64
		{AB4D8938-67F1-4429-8328-26549BFC46BE}.Debug|x64.Build.0 = Debug|x64
		{AB4D8938-67F1-4429-8328-26549BFC46BE}.Debug|x86.ActiveCfg = Debug|Win32
		{AB4D8938-67F1-4429-8328-26549BFC46BE}.Debug|x86.Build.0 = Debug|Win32
		{AB4D8938-67F1-4429-8328-26549BFC46BE}.Release|x64.ActiveCfg = Release|x64
		{AB4D8938-67F1-4429-8328-26549BFC46BE}.Release|x64.Build.0 = Release|x64
		{AB4D8938-67F1-4429-8328-26549BFC46BE}.Release|x86.ActiveCfg = Release|Win32
		{AB4D8938-67F1-4429-8328-26549BFC46BE}.Release|x86.Build.0 = Release|Win32
		{D0119AE6-AB33-4DA3-8429-3E8B3B057932}.Debug|x64.ActiveCfg = Debug|x64
		{D0119AE6-AB33-4DA3-8429-3E8B3B057932}.Debug|x64.Build.0 = Debug|x64
		{D0119AE6-AB33-4DA3-8429-3E8B3B057932}.Debug|x86.ActiveCfg = Debug|Win32
		{D0119AE6-AB33-4DA3-8429-3E8B3B057932}.Debug|x86.Build.0 = Debug|Win32
		{D0119AE6-AB33-4DA3-8429-3E8B3B057932}.Release|x64.ActiveCfg = Release|x64
		{D0119AE6-AB33-4DA3-8429-3E8B3B057932}.Release|x64.Build.0 = Release|x64
		{D0119AE6-AB33-4DA3-8429-3E8B3B057932}.Release|x86.ActiveCfg = Release|Win32
		{D0119AE6-AB33-4DA3-8429-3E8B3B057932}.Release|x86.Build.0 = Release|Win32
		{2057F4BE-DC2F-42D1-AED3-0C9C86E697A5}.Debug|x64.ActiveCfg = Debug|x64
		{2057F4BE-DC2F-42D1-AED3-0C9C86E697A5}.Debug|x64.Build.0 = Debug|x64
		{2057F4BE-DC2F-42D1-AED3-0C9C86E697A5}.Debug|x86.ActiveCfg = Debug|Win32
		{2057F4BE-DC2F-42D1-AED3-0C9C86E697A5}.Debug|x86.Build.0 = Debug|Win32
		{2057F4BE-DC2F-42D1-AED3-0C9C86E697A5}.Release|x64.ActiveCfg = Release|x64
		{2057F4BE-DC2F-42D1-AED3-0C9C86E697A5}.Release|x64.Build.0 = Release|x64
		{2057F4BE-DC2F-42D1-AED3-0C9C86E697A5}.Release|x86.ActiveCfg = Release|Win32
		{2057F4BE-DC2F-42D1-AED3-0C9C86E697A5}.Release|x86.Build.0 = Release|Win32
		{CB9BDE22-002F-456D-BA23-421AFD0DD03F}.Debug|x64.ActiveCfg = Debug|x64
		{CB9BDE22-002F-456D-BA23-421AFD0DD03F}.Debug|x64.Build.0 = Debug|x64
		{CB9BDE22-002F-456D-BA23-421AFD0DD03F}.Debug|x86.ActiveCfg = Debug|Win32
		{CB9BDE22-002F-456D-BA23-421AFD0DD03F}.Debug|x86.Build.0 = Debug|Win32
		{CB9BDE22-002F-456D-BA23-421AFD0DD03F}.Release|x64.ActiveCfg = Release|x64
		{CB9BDE22-002F-456D-BA23-421AFD0DD03F}.Release|x64.Build.0 = Release|x64
		{CB9BDE22-002F-456D-BA23-421AFD0DD03F}.Release|x86.ActiveCfg = Release|Win32
		{CB9BDE22-002F-456D-BA23-421AFD0DD03F}.Release|x86.Build.0 = Release|Win32
		{5BA3AC13-4254-4DE5-BF8A-F899B99896B6}.Debug|x64.ActiveCfg = Debug|x64
		{5BA3AC13-4254-4DE5-BF8A-F899B99896B6}.Debug|x64.Build.0 = Debug|x64
		{5BA3AC13-4254-4DE5-BF8A-F899B99896B6}.Debug|x86.ActiveCfg = Debug|Win32
		{5BA3AC13-4254-4DE5-BF8A-F899B99896B6}.Debug|x86.Build.0 = Debug|Win32
		{5BA3AC13-4254-4DE5-BF8A-F899B99896B6}.Release|x64.ActiveCfg = Release|x64
		{5BA3AC13-4254-4DE5-BF8A-F899B99896B6}.Release|x64.Build.0 = Release|x64
		{5BA3AC13-4254-4DE5-BF8A-F899B99896B6}.Release|x86.ActiveCfg = Release|Win32
		{5BA3AC13-4254-4DE5-BF8A-F899B99896B6}.Release|x86.Build.0 = Release|Win32
		{0E4F8657-B887-4C91-8917-DE041BE64675}.Debug|x64.ActiveCfg = Debug|x64
		{0E4F8657-B887-4C91-8917-DE041BE64675}.Debug|x64.Build.0 = Debug|x64
		{0E4F8657-B887-4C91-8917-DE041BE64675}.Debug|x86.ActiveCfg = Debug|Win32
		{0E4F8657-B887-4C91-8917-DE041BE64675}.Debug|x86.Build.0 = Debug|Win32
		{0E4F8657-B887-4C91-8917-DE041BE64675}.Release|x64.ActiveCfg = Release|x64
		{0E4F8657-B887-4C91-8917-DE041BE64675}.Release|x64.Build.0 = Release|x64
		{0E4F8657-B887-4C91-8917-DE041BE64675}.Release|x86.ActiveCfg = Release|Win32
		{0E4F8657-B887-4C91-8917-DE041BE64675}.Release|x86.Build.0 = Release|Win32
		{D97AE12E-5FD8-49A8-8DC2-4C5FA71F0068}.Debug|x64.ActiveCfg = Debug|x64
		{D97AE12E-5FD8-49A8-8DC2-4C5FA71F0068}.Debug|x64.Build.0 = Debug|x64
		{D97AE12E-5FD8-49A8-8DC2-4C5FA71F0068}.Debug|x86.ActiveCfg = Debug|Win32
		{D97AE12E-5FD8-49A8-8DC2-4C5FA71F0068}.Debug|x86.Build.0 = Debug|Win32
		{D97AE12E-5FD8-49A8-8DC2-4C5FA71F0068}.Release|x64.ActiveCfg = Release|x64
		{D97AE12E-5FD8-49A8-8DC2-4C5FA71F0068}.Release|x64.Build.0 = Release|x64
		{D97AE12E-5FD8-49A8-8DC2-4C5FA71F0068}.Release|x86.ActiveCfg = Release|Win32
		{D97AE12E-5FD8-49A8-8DC2-4C5FA71F0068}.Release|x86.Build.0 = Release|Win32
		{5D4C38E3-7454-4BFE-A795-6DEA15FB40B3}.Debug|x64.ActiveCfg = Debug|x64
		{5D4C38E3-7454-4BFE-A795-6DEA15FB40B3}.Debug|x64.Build.0 = Debug|x64
		{5D4C38E3-7454-4BFE-A795-6DEA15FB40B3}.Debug|x86.ActiveCfg = Debug|Win32
		{5D4C38E3-7454-4BFE-A795-6DEA15FB40B3}.Debug|x86.Build.0 = Debug|Win32
		{5D4C38E3-7454-4BFE-A795-6DEA15FB40B3}.Release|x64.ActiveCfg = Release|x64
		{5D4C38E3-7454-4BFE-A795-6DEA15FB40B3}.Release|x64.Build.0 = Release|x64
		{5D4C38E3-7454-4BFE-A795-6DEA15FB40B3}.Release|x86.ActiveCfg = Release|Win32
		{5D4C38E3-7454-4BFE-A795-6DEA15FB40B3}.Release|x86.Build.0 = Release|Win32
		{25D539E6-9D60-421E-8162-745FEF10C0FE}.Debug|x64.ActiveCfg = Debug|x64
		{25D539E6-9D60-421E-8162-745FEF10C0FE}.Debug|x64.Build.0 = Debug|x64
		{25D539E6-9D60-421E-8162-745FEF10C0FE}.Debug|x86.ActiveCfg = Debug|Win32
		{25D539E6-9D60-421E-8162-745FEF10C0FE}.Debug|x86.Build.0 = Debug|Win32
		{25D539E6-9D60-421E-8162-745FEF10C0FE}.Release|x64.ActiveCfg = Release|x64
		{25D539E6-9D60-421E-8162-745FEF10C0FE}.Release|x64.Build.0 = Release|x64
		{25D539E6-9D60-421E-8162-745FEF10C0FE}.Release|x86.ActiveCfg = Release|Win32
		{25D539E6-9D60-421E-8162-745FEF10C0FE}.Release|x86.Build.0 = Release|Win32
		{9BFFCAF5-010D-4727-954E-2ED5ED4B923C}.Debug|x64.ActiveCfg = Debug|x64
		{9BFFCAF5-010D-4727-954E-2ED5ED4B923C}.Debug|x64.Build.0 = Debug|x64
		{9BFFCAF5-010D-4727-954E-2ED5ED4B923C}.Debug|x86.ActiveCfg = Debug|Win32
		{9BFFCAF5-010D-4727-954E-2ED5ED4B923C}.Debug|x86.Build.0 = Debug|Win32
		{9BFFCAF5-010D-4727-954E-2ED5ED4B923C}.Release|x64.ActiveCfg = Release|x64
		{9BFFCAF5-010D-4727-954E-2ED5ED4B923C}.Release|x64.Build.0 = Release|x64
		{9BFFCAF5-010D-4727-954E-2ED5ED4B923C}.Release|x86.ActiveCfg = Release|Win32
		{9BFFCAF5-010D-4727-954E-2ED5ED4B923C}.Release|x86.Build.0 = Release|Win32
		{5239F5EE-7CEE-4255-9C68-F9342394C3D6}.Debug|x64.ActiveCfg = Debug|x64
		{5239F5EE-7CEE-4255-9C68-F9342394C3D6}.Debug|x64.Build.0 = Debug|x64
		{5239F5EE-7CEE-4255-9C68-F9342394C3D6}.Debug|x86.ActiveCfg = Debug|Win32
		{5239F5EE-7CEE-4255-9C68-F9342394C3D6}.Debug|x86.Build.0 = Debug|Win32
		{5239F5EE-7CEE-4255-9C68-F9342394C3D6}.Release|x64.ActiveCfg = Release|x64
		{5239F5EE-7CEE-4255-9C68-F9342394C3D6}.Release|x64.Build.0 = Release|x64
		{5239F5EE-7CEE-4255-9C68-F9342394C3D6}.Release|x86.ActiveCfg = Release|Win32
		{5239F5EE-7CEE-4255-9C68-F9342394C3D6}.Release|x86.Build.0 = Release|Win32
		{4B334F08-12B1-4E6D-82E7-D5752E4CA2E0}.Debug|x64.ActiveCfg = Debug|x64
		{4B334F08-12B1-4E6D-82E7-D5752E4CA2E0}.Debug|x64.Build.0 = Debug|x64
		{4B334F08-12B1-4E6D-82E7-D5752E4CA2E0}.Debug|x86.ActiveCfg = Debug|Win32
		{4B334F08-12B1-4E6D-82E7-D5752E4CA2E0}.Debug|x86.Build.0 = Debug|Win32
		{4B334F08-12B1-4E6D-82E7-D5752E4CA2E0}.Release|x64.ActiveCfg = Release|x64
		{4B334F08-12B1-4E6D-82E7-D5752E4CA2E0}.Release|x64.Build.0 = Release|x64
		{4B334F08-12B1-4E6D-82E7-D5752E4CA2E0}.Release|x86.ActiveCfg = Release|Win32
		{4B334F08-12B1-4E6D-82E7-D5752E4CA2E0}.Release|x86.Build.0 = Release|Win32
		{75E277D0-0515-4080-A870-991D093D820E}.Debug|x64.ActiveCfg = Debug|x64
		{75E277D0-0515-4080-A870-991D093D820E}.Debug|x64.Build.0 = Debug|x64
		{75E277D0-0515-4080-A870-991D093D820E}.Debug|x86.ActiveCfg = Debug|Win32
		{75E277D0-0515-4080-A870-991D093D820E}.Debug|x86.Build.0 = Debug|Win32
		{75E277D0-0515-4080-A870-991D093D820E}.Release|x64.ActiveCfg = Release|x64
		{75E277D0-0515-4080-A870-991D093D820E}.Release|x64.Build.0 = Release|x64
		{75E277D0-0515-4080-A870-991D093D820E}.Release|x86.ActiveCfg = Release|Win32
		{75E277D0-0515-4080-A870-991D093D820E}.Release|x86.Build.0 = Release|Win32
		{177267B9-DC6D-43BB-A37E-CA5755FF51D8}.Debug|x64.ActiveCfg = Debug|x64
		{177267B9-DC6D-43BB-A37E-CA5755FF51D8}.Debug|x64.Build.0 = Debug|x64
		{177267B9-DC6D-43BB-A37E-CA5755FF51D8}.Debug|x86.ActiveCfg = Debug|Win32
		{177267B9-DC6D-43BB-A37E-CA5755FF51D8}.Debug|x86.Build.0 = Debug|Win32
		{177267B9-DC6D-43BB-A37E-CA5755FF51D8}.Release|x64.ActiveCfg = Release|x64
		{177267B9-DC6D-43BB-A37E-CA5755FF51D8}.Release|x64.Build.0 = Release|x64
		{177267B9-DC6D-43BB-A37E-CA5755FF51D8}.Release|x86.ActiveCfg = Release|Win32
		{177267B9-DC6D-43BB-A37E-CA5755FF51D8}.Release|x86.Build.0 = Release|Win32
		{38A0AF6F-1A14-4168-8975-628AF27A46C3}.Debug|x64.ActiveCfg = Debug|x64
		{38A0AF6F-1A14-4168-8975-628AF27A46C3}.Debug|x64.Build.0 = Debug|x64
		{38A0AF6F-1A14-4168-8975-628AF27A46C3}.Debug|x86.ActiveCfg = Debug|Win32
		{38A0AF6F-1A14-4168-8975-628AF27A46C3}.Debug|x86.Build.0 = Debug|Win32
		{38A0AF6F-1A14-4168-8975-628AF27A46C3}.Release|x64.ActiveCfg = Release|x64
		{38A0AF6F-1A14-4168-8975-628AF27A46C3}.Release|x64.Build.0 = Release|x64
		{38A0AF6F-1A14-4168-8975-628AF27A46C3}.Release|x86.ActiveCfg = Release|Win32
		{38A0AF6F-1A14-4168-8975-628AF27A46C3}.Release|x86.Build.0 = Release|Win32
		{85E21468-2281-465F-A35C-3D4658E80EEA}.Debug|x64.ActiveCfg = Debug|x64
		{85E21468-2281-465F-A35C-3D4658E80EEA}.Debug|x64.Build.0 = Debug|x64
		{85E21468-2281-465F-A35C-3D4658E80EEA}.Debug|x86.ActiveCfg = Debug|Win32
		{85E21468-2281-465F-A35C-3D4658E80EEA}.Debug|x86.Build.0 = Debug|Win32
		{85E21468-2281-465F-A35C-3D4658E80EEA}.Release|x64.ActiveCfg = Release|x64
		{85E21468-2281-465F-A35C-3D4658E80EEA}.Release|x64.Build.0 = Release|x64
		{85E21468-2281-465F-A35C-3D4658E80EEA}.Release|x86.ActiveCfg = Release|Win32
		{85E21468-2281-465F-A35C-3D4658E80EEA}.Release|x86.Build.0 = Release|Win32
		{6F8447BC-8B81-487B-905A-12BF9E059307}.Debug|x64.ActiveCfg = Debug|x64
		{6F8447BC-8B81-487B-905A-12BF9E059307}.Debug|x64.Build.0 = Debug|x64
		{6F8447BC-8B81-487B-905A-12BF9E059307}.Debug|x86.ActiveCfg = Debug|Win32
		{6F8447BC-8B81-487B-905A-12BF9E059307}.Debug|x86.Build.0 = Debug|Win32
		{6F8447BC-8B81-487B-905A-12BF9E059307}.Release|x64.ActiveCfg = Release|x64
		{6F8447BC-8B81-487B-905A-12BF9E059307}.Release|x64.Build.0 = Release|x64
		{6F8447BC-8B81-487B-905A-12BF9E059307}.Release|x86.ActiveCfg = Release|Win32
		{6F8447BC-8B81-487B-905A-12BF9E059307}.Release|x86.Build.0 = Release|Win32
		{D70A614D-DB87-4616-8F63-0D83414B71EA}.Debug|x64.ActiveCfg = Debug|x64
		{D70A614D-DB87-4616-8F63-0D83414B71EA}.Debug|x64.Build.0 = Debug|x64
		{D70A614D-DB87-4616-8F63-0D83414B71EA}.Debug|x86.ActiveCfg = Debug|Win32
		{D70A614D-DB87-4616-8F63-0D83414B71EA}.Debug|x86.Build.0 = Debug|Win32
		{D70A614D-DB87-4616-8F63-0D83414B71EA}.Release|x64.ActiveCfg = Release|x64
		{D70A614D-DB87-4616-8F63-0D83414B71EA}.Release|x64.Build.0 = Release|x64
		{D70A614D-DB87-4616-8F63-0D83414B71EA}.Release|x86.ActiveCfg = Release|Win32
		{D70A614D-DB87-4616-8F63-0D83414B71EA}.Release|x86.Build.0 = Release|Win32
		{AB6738A0-F589-4F45-BA7F-FDB0FB8E7D83}.Debug|x64.ActiveCfg = Debug|x64
		{AB6738A0-F589-4F45-BA7F-FDB0FB8E7D83}.Debug|x64.Build.0 = Debug|x64
		{AB6738A0-F589-4F45-BA7F-FDB0FB8E7D83}.Debug|x86.ActiveCfg = Debug|Win32
		{AB6738A0-F589-4F45-BA7F-FDB0FB8E7D83}.Debug|x86.Build.0 = Debug|Win32
		{AB6738A0-F589-4F45-BA7F-FDB0FB8E7D83}.Release|x64.ActiveCfg = Release|x64
		{AB6738A0-F589-4F45-BA7F-FDB0FB8E7D83}.Release|x64.Build.0 = Release|x64
		{AB6738A0-F589-4F45-BA7F-FDB0FB8E7D83}.Release|x86.ActiveCfg = Release|Win32
		{AB6738A0-F589-4F45-BA7F-FDB0FB8E7D83}.Release|x86.Build.0 = Release|Win32
		{B02652B3-B9A6-48E0-82EB-7357755A8F1B}.Debug|x64.ActiveCfg = Debug|x64
		{B02652B3-B9A6-48E0-82EB-7357755A8F1B}.Debug|x64.Build.0 = Debug|x64
		{B02652B3-B9A6-48E0-82EB-7357755A8F1B}.Debug|x86.ActiveCfg = Debug|Win32
		{B02652B3-B9A6-48E0-82EB-7357755A8F1B}.Debug|x86.Build.0 = Debug|Win32
		{B02652B3-B9A6-48E0-82EB-7357755A8F1B}.Release|x64.ActiveCfg = Release|x64
		{B02652B3-B9A6-48E0-82EB-7357755A8F1B}.Release|x64.Build.0 = Release|x64
		{B02652B3-B9A6-48E0-82EB-7357755A8F1B}.Release|x86.ActiveCfg = Release|Win32
		{B02652B3-B9A6-48E0-82EB-7357755A8F1B}.Release|x86.Build.0 = Release|Win32
		{8C9E1282-8A34-407E-B674-3AF3AB482371}.Debug|x64.ActiveCfg = Debug|x64
		{8C9E1282-8A34-407E-B674-3AF3AB482371}.Debug|x64.Build.0 = Debug|x64
		{8C9E1282-8A34-407E-B674-3AF3AB482371}.Debug|x86.ActiveCfg = Debug|Win32
		{8C9E1282-8A34-407E-B674-3AF3AB482371}.Debug|x86.Build.0 = Debug|Win32
		{8C9E1282-8A34-407E-B674-3AF3AB482371}.Release|x64.ActiveCfg = Release|x64
		{8C9E1282-8A34-407E-B674-3AF3AB482371}.Release|x64.Build.0 = Release|x64
		{8C9E1282-8A34-407E-B674-3AF3AB482371}.Release|x86.ActiveCfg = Release|Win32
		{8C9E1282-8A34-407E-B674-3AF3AB482371}.Release|x86.Build.0 = Release|Win32
		{A9C370E3-A5C3-4744-80C6-345F4806840F}.Debug|x64.ActiveCfg = Debug|x64
		{A9C370E3-A5C3-4744-80C6-345F4806840F}.Debug|x64.Build.0 = Debug|x64
		{A9C370E3-A5C3-4744-80C6-345F4806840F}.Debug|x86.ActiveCfg = Debug|Win32
		{A9C370E3-A5C3-4744-80C6-345F4806840F}.Debug|x86.Build.0 = Debug|Win32
		{A9C370E3-A5C3-4744-80C6-345F4806840F}.Release|x64.ActiveCfg = Release|x64
		{A9C370E3-A5C3-4744-80C6-345F4806840F}.Release|x64.Build.0 = Release|x64
		{A9C370E3-A5C3-4744-80C6-345F4806840F}.Release|x86.ActiveCfg = Release|Win32
		{A9C370E3-A5C3-4744-80C6-345F4806840F}.Release|x86.Build.0 = Release|Win32
		{F3092BEF-E62A-4F89-B0E0-51827AC96EEB}.Debug|x64.ActiveCfg = Debug|x64
		{F3092BEF-E62A-4F89-B0E0-51827AC96EEB}.Debug|x64.Build.0 = Debug|x64
		{F3092BEF-E62A-4F89-B0E0-51827AC96EEB}.Debug|x86.ActiveCfg = Debug|Win32
		{F3092BEF-E62A-4F89-B0E0-51827AC96EEB}.Debug|x86.Build.0 = Debug|Win32
		{F3092BEF-E62A-4F89-B0E0-51827AC96EEB}.Release|x64.ActiveCfg = Release|x64
		{F3092BEF-E62A-4F89-B0E0-51827AC96EEB}.Release|x64.Build.0 = Release|x64
		{F3092BEF-E62A-4F89-B0E0-51827AC96EEB}.Release|x86.ActiveCfg = Release|Win32
		{F3092BEF-E62A-4F89-B0E0-51827AC96EEB}.Release|x86.Build.0 = Release|Win32
		{D9BD245F-574D-49BC-9D8A-2590EA3245E9}.Debug|x64.ActiveCfg = Debug|x64
		{D9BD245F-574D-49BC-9D8A-2590EA3245E9}.Debug|x64.Build.0 = Debug|x64
		{D9BD245F-574D-49BC-9D8A-2590EA3245E9}.Debug|x86.ActiveCfg = Debug|Win32
		{D9BD245F-574D-49BC-9D8A-2590EA3245E9}.Debug|x86.Build.0 = Debug|Win32
		{D9BD245F-574D-49BC-9D8A-2590EA3245E9}.Release|x64.ActiveCfg = Release|x64
		{D9BD245F-574D-49BC-9D8A-2590EA3245E9}.Release|x64.Build.0 = Release|x64
		{D9BD245F-574D-49BC-9D8A-2590EA3245E9}.Release|x86.ActiveCfg = Release|Win32
		{D9BD245F-574D-49BC-9D8A-2590EA3245E9}.Release|x86.Build.0 = Release|Win32
		{E61EA8A4-63D1-4EE6-B8BB-EE5ADDDD04D2}.Debug|x64.ActiveCfg = Debug|x64
		{E61EA8A4-63D1-4EE6-B8BB-EE5ADDDD04D2}.Debug|x64.Build.0 = Debug|x64
		{E61EA8A4-63D1-4EE6-B8BB-EE5ADDDD04D2}.Debug|x86.ActiveCfg = Debug|Win32
		{E61EA8A4-63D1-4EE6-B8BB-EE5ADDDD04D2}.Debug|x86.Build.0 = Debug|Win32
		{E61EA8A4-63D1-4EE6-B8BB-EE5ADDDD04D2}.Release|x64.ActiveCfg = Release|x64
		{E61EA8A4-63D1-4EE6-B8BB-EE5ADDDD04D2}.Release|x64.Build.0 = Release|x64
		{E61EA8A4-63D1-4EE6-B8BB-EE5ADDDD04D2}.Release|x86.ActiveCfg = Release|Win32
		{E61EA8A4-63D1-4EE6-B8BB-EE5ADDDD04D2}.Release|x86.Build.0 = Release|Win32
		{EEF20FE7-8A6C-4438-855C-5E462FBDEE5E}.Debug|x64.ActiveCfg = Debug|x64
		{EEF20FE7-8A6C-4438-855C-5E462FBDEE5E}.Debug|x64.Build.0 = Debug|x64
		{EEF20FE7-8A6C-4438-855C-5E462FBDEE5E}.Debug|x86.ActiveCfg = Debug|Win32
		{EEF20FE7-8A6C-4438-855C-5E462FBDEE5E}.Debug|x86.Build.0 = Debug|Win32
		{EEF20FE7-8A6C-4438-855C-5E462FBDEE5E}.Release|x64.ActiveCfg = Release|x64
		{EEF20FE7-8A6C-4438-855C-5E462FBDEE5E}.Release|x64.Build.0 = Release|x64
		{EEF20FE7-8A6C-4438-855C-5E462FBDEE5E}.Release|x86.ActiveCfg = Release|Win32
		{EEF20FE7-8A6C-4438-855C-5E462FBDEE5E}.Release|x86.Build.0 = Release|Win32
		{26B781ED-DF2B-4BAB-814E-4BC8019FCEDB}.Debug|x64.ActiveCfg = Debug|x64
		{26B781ED-DF2B-4BAB-814E-4BC8019FCEDB}.Debug|x64.Build.0 = Debug|x64
		{26B781ED-DF2B-4BAB-814E-4BC8019FCEDB}.Debug|x86.ActiveCfg = Debug|Win32
		{26B781ED-DF2B-4BAB-814E-4BC8019FCEDB}.Debug|x86.Build.0 = Debug|Win32
		{26B781ED-DF2B-4BAB-814E-4BC8019FCEDB}.Release|x64.ActiveCfg = Release|x64
		{26B781ED-DF2B-4BAB-814E-4BC8019FCEDB}.Release|x64.Build.0 = Release|x64
		{26B781ED-DF2B-4BAB-814E-4BC8019FCEDB}.Release|x86.ActiveCfg = Release|Win32
		{26B781ED-DF2B-4BAB-814E-4BC8019FCEDB}.Release|x86.Build.0 = Release|Win32
	EndGlobalSection
	GlobalSection(SolutionProperties) = preSolution
		HideSolutionNode = FALSE
	EndGlobalSection
	GlobalSection(ExtensibilityGlobals) = postSolution
		SolutionGuid = {51C4F60F-119F-47DB-8A93-97577F18B5C3}
	EndGlobalSection
EndGlobal
